// !$*UTF8*$!
{
	archiveVersion = 1;
	classes = {
	};
	objectVersion = 50;
	objects = {

/* Begin PBXBuildFile section */
		4C000A8021121C8C00571967 /* filtersViewController.swift in Sources */ = {isa = PBXBuildFile; fileRef = 4C000A7F21121C8C00571967 /* filtersViewController.swift */; };
		4C000A82211229E000571967 /* homePage.swift in Sources */ = {isa = PBXBuildFile; fileRef = 4C000A81211229E000571967 /* homePage.swift */; };
		4C091940211DFC70001306B2 /* Common.swift in Sources */ = {isa = PBXBuildFile; fileRef = 4C09193F211DFC70001306B2 /* Common.swift */; };
		4C091942211E00C2001306B2 /* Animations.swift in Sources */ = {isa = PBXBuildFile; fileRef = 4C091941211E00C2001306B2 /* Animations.swift */; };
		4C0A585721136C8300ADDD13 /* Preferences.swift in Sources */ = {isa = PBXBuildFile; fileRef = 4C0A585621136C8300ADDD13 /* Preferences.swift */; };
		4C0A585A211373C900ADDD13 /* Settings.swift in Sources */ = {isa = PBXBuildFile; fileRef = 4C0A5859211373C900ADDD13 /* Settings.swift */; };
		4C0A585C211373F600ADDD13 /* ContactUs.swift in Sources */ = {isa = PBXBuildFile; fileRef = 4C0A585B211373F600ADDD13 /* ContactUs.swift */; };
		4C0A585E21137E5F00ADDD13 /* MoveEventDisplay.swift in Sources */ = {isa = PBXBuildFile; fileRef = 4C0A585D21137E5F00ADDD13 /* MoveEventDisplay.swift */; };
		4C0A58602113B5BE00ADDD13 /* Saved.swift in Sources */ = {isa = PBXBuildFile; fileRef = 4C0A585F2113B5BE00ADDD13 /* Saved.swift */; };
		4C0A58622114A67500ADDD13 /* Saved Moves.swift in Sources */ = {isa = PBXBuildFile; fileRef = 4C0A58612114A67500ADDD13 /* Saved Moves.swift */; };
		4C4305AB2107E49F0087A5C2 /* AppDelegate.swift in Sources */ = {isa = PBXBuildFile; fileRef = 4C4305AA2107E49F0087A5C2 /* AppDelegate.swift */; };
		4C4305AD2107E49F0087A5C2 /* ViewController.swift in Sources */ = {isa = PBXBuildFile; fileRef = 4C4305AC2107E49F0087A5C2 /* ViewController.swift */; };
		4C4305B02107E49F0087A5C2 /* Main.storyboard in Resources */ = {isa = PBXBuildFile; fileRef = 4C4305AE2107E49F0087A5C2 /* Main.storyboard */; };
		4C4305B22107E4A10087A5C2 /* Assets.xcassets in Resources */ = {isa = PBXBuildFile; fileRef = 4C4305B12107E4A10087A5C2 /* Assets.xcassets */; };
		4C4305B52107E4A10087A5C2 /* LaunchScreen.storyboard in Resources */ = {isa = PBXBuildFile; fileRef = 4C4305B32107E4A10087A5C2 /* LaunchScreen.storyboard */; };
		4C4305BD2108F46E0087A5C2 /* mapViewController.swift in Sources */ = {isa = PBXBuildFile; fileRef = 4C4305BC2108F46E0087A5C2 /* mapViewController.swift */; };
		4C4305C02108F5610087A5C2 /* mapAreaEventsFeed.swift in Sources */ = {isa = PBXBuildFile; fileRef = 4C4305BF2108F5610087A5C2 /* mapAreaEventsFeed.swift */; };
		4C4305C22108F5820087A5C2 /* mapIndividualEvent.swift in Sources */ = {isa = PBXBuildFile; fileRef = 4C4305C12108F5820087A5C2 /* mapIndividualEvent.swift */; };
		4C4305C42108F59B0087A5C2 /* randomGeneratorViewController.swift in Sources */ = {isa = PBXBuildFile; fileRef = 4C4305C32108F59B0087A5C2 /* randomGeneratorViewController.swift */; };
		4C4305C62108F5B60087A5C2 /* randomGeneratorIndividualEvent.swift in Sources */ = {isa = PBXBuildFile; fileRef = 4C4305C52108F5B60087A5C2 /* randomGeneratorIndividualEvent.swift */; };
		4C4305C82108F5CC0087A5C2 /* savedViewController.swift in Sources */ = {isa = PBXBuildFile; fileRef = 4C4305C72108F5CC0087A5C2 /* savedViewController.swift */; };
		4C4305CA2108F5E40087A5C2 /* savedIndividualEvent.swift in Sources */ = {isa = PBXBuildFile; fileRef = 4C4305C92108F5E40087A5C2 /* savedIndividualEvent.swift */; };
		4C59B76A21182B1B00D339F7 /* Login.swift in Sources */ = {isa = PBXBuildFile; fileRef = 4C59B76921182B1B00D339F7 /* Login.swift */; };
		4C59B77021182FF100D339F7 /* User.swift in Sources */ = {isa = PBXBuildFile; fileRef = 4C59B76F21182FF100D339F7 /* User.swift */; };
		4C59B77221189B4C00D339F7 /* createUsername.swift in Sources */ = {isa = PBXBuildFile; fileRef = 4C59B77121189B4C00D339F7 /* createUsername.swift */; };
		4C59B7742118B52500D339F7 /* UserService.swift in Sources */ = {isa = PBXBuildFile; fileRef = 4C59B7732118B52500D339F7 /* UserService.swift */; };
		4C97FE50211A69DD0065DDDF /* ProfileInfo.swift in Sources */ = {isa = PBXBuildFile; fileRef = 4C97FE4F211A69DD0065DDDF /* ProfileInfo.swift */; };
		4CEC1EC22118280B00FB94FE /* GoogleService-Info.plist in Resources */ = {isa = PBXBuildFile; fileRef = 4CEC1EC12118280B00FB94FE /* GoogleService-Info.plist */; };
		4CEC1ECB21182AB800FB94FE /* Login.storyboard in Resources */ = {isa = PBXBuildFile; fileRef = 4CEC1ECA21182AB800FB94FE /* Login.storyboard */; };
		900E3178169F1CB515A74135 /* Pods_The_Move.framework in Frameworks */ = {isa = PBXBuildFile; fileRef = F2DD13CC2EB223B8C8A707B1 /* Pods_The_Move.framework */; };
/* End PBXBuildFile section */

/* Begin PBXFileReference section */
		2C0220C1776176269FB3846E /* Pods-The Move.release.xcconfig */ = {isa = PBXFileReference; includeInIndex = 1; lastKnownFileType = text.xcconfig; name = "Pods-The Move.release.xcconfig"; path = "Pods/Target Support Files/Pods-The Move/Pods-The Move.release.xcconfig"; sourceTree = "<group>"; };
		4C000A7F21121C8C00571967 /* filtersViewController.swift */ = {isa = PBXFileReference; lastKnownFileType = sourcecode.swift; path = filtersViewController.swift; sourceTree = "<group>"; };
		4C000A81211229E000571967 /* homePage.swift */ = {isa = PBXFileReference; lastKnownFileType = sourcecode.swift; path = homePage.swift; sourceTree = "<group>"; };
		4C09193F211DFC70001306B2 /* Common.swift */ = {isa = PBXFileReference; lastKnownFileType = sourcecode.swift; path = Common.swift; sourceTree = "<group>"; };
		4C091941211E00C2001306B2 /* Animations.swift */ = {isa = PBXFileReference; lastKnownFileType = sourcecode.swift; path = Animations.swift; sourceTree = "<group>"; };
		4C0A585621136C8300ADDD13 /* Preferences.swift */ = {isa = PBXFileReference; lastKnownFileType = sourcecode.swift; path = Preferences.swift; sourceTree = "<group>"; };
		4C0A5859211373C900ADDD13 /* Settings.swift */ = {isa = PBXFileReference; lastKnownFileType = sourcecode.swift; path = Settings.swift; sourceTree = "<group>"; };
		4C0A585B211373F600ADDD13 /* ContactUs.swift */ = {isa = PBXFileReference; lastKnownFileType = sourcecode.swift; path = ContactUs.swift; sourceTree = "<group>"; };
		4C0A585D21137E5F00ADDD13 /* MoveEventDisplay.swift */ = {isa = PBXFileReference; lastKnownFileType = sourcecode.swift; path = MoveEventDisplay.swift; sourceTree = "<group>"; };
		4C0A585F2113B5BE00ADDD13 /* Saved.swift */ = {isa = PBXFileReference; lastKnownFileType = sourcecode.swift; path = Saved.swift; sourceTree = "<group>"; };
		4C0A58612114A67500ADDD13 /* Saved Moves.swift */ = {isa = PBXFileReference; lastKnownFileType = sourcecode.swift; path = "Saved Moves.swift"; sourceTree = "<group>"; };
		4C4305A72107E49E0087A5C2 /* The Move.app */ = {isa = PBXFileReference; explicitFileType = wrapper.application; includeInIndex = 0; path = "The Move.app"; sourceTree = BUILT_PRODUCTS_DIR; };
		4C4305AA2107E49F0087A5C2 /* AppDelegate.swift */ = {isa = PBXFileReference; lastKnownFileType = sourcecode.swift; path = AppDelegate.swift; sourceTree = "<group>"; };
		4C4305AC2107E49F0087A5C2 /* ViewController.swift */ = {isa = PBXFileReference; lastKnownFileType = sourcecode.swift; path = ViewController.swift; sourceTree = "<group>"; };
		4C4305AF2107E49F0087A5C2 /* Base */ = {isa = PBXFileReference; lastKnownFileType = file.storyboard; name = Base; path = Base.lproj/Main.storyboard; sourceTree = "<group>"; };
		4C4305B12107E4A10087A5C2 /* Assets.xcassets */ = {isa = PBXFileReference; lastKnownFileType = folder.assetcatalog; path = Assets.xcassets; sourceTree = "<group>"; };
		4C4305B42107E4A10087A5C2 /* Base */ = {isa = PBXFileReference; lastKnownFileType = file.storyboard; name = Base; path = Base.lproj/LaunchScreen.storyboard; sourceTree = "<group>"; };
		4C4305B62107E4A10087A5C2 /* Info.plist */ = {isa = PBXFileReference; lastKnownFileType = text.plist.xml; path = Info.plist; sourceTree = "<group>"; };
		4C4305BC2108F46E0087A5C2 /* mapViewController.swift */ = {isa = PBXFileReference; lastKnownFileType = sourcecode.swift; path = mapViewController.swift; sourceTree = "<group>"; };
		4C4305BF2108F5610087A5C2 /* mapAreaEventsFeed.swift */ = {isa = PBXFileReference; lastKnownFileType = sourcecode.swift; path = mapAreaEventsFeed.swift; sourceTree = "<group>"; };
		4C4305C12108F5820087A5C2 /* mapIndividualEvent.swift */ = {isa = PBXFileReference; lastKnownFileType = sourcecode.swift; path = mapIndividualEvent.swift; sourceTree = "<group>"; };
		4C4305C32108F59B0087A5C2 /* randomGeneratorViewController.swift */ = {isa = PBXFileReference; lastKnownFileType = sourcecode.swift; path = randomGeneratorViewController.swift; sourceTree = "<group>"; };
		4C4305C52108F5B60087A5C2 /* randomGeneratorIndividualEvent.swift */ = {isa = PBXFileReference; lastKnownFileType = sourcecode.swift; path = randomGeneratorIndividualEvent.swift; sourceTree = "<group>"; };
		4C4305C72108F5CC0087A5C2 /* savedViewController.swift */ = {isa = PBXFileReference; lastKnownFileType = sourcecode.swift; path = savedViewController.swift; sourceTree = "<group>"; };
		4C4305C92108F5E40087A5C2 /* savedIndividualEvent.swift */ = {isa = PBXFileReference; lastKnownFileType = sourcecode.swift; path = savedIndividualEvent.swift; sourceTree = "<group>"; };
		4C59B76921182B1B00D339F7 /* Login.swift */ = {isa = PBXFileReference; lastKnownFileType = sourcecode.swift; path = Login.swift; sourceTree = "<group>"; };
		4C59B76F21182FF100D339F7 /* User.swift */ = {isa = PBXFileReference; lastKnownFileType = sourcecode.swift; path = User.swift; sourceTree = "<group>"; };
		4C59B77121189B4C00D339F7 /* createUsername.swift */ = {isa = PBXFileReference; lastKnownFileType = sourcecode.swift; path = createUsername.swift; sourceTree = "<group>"; };
		4C59B7732118B52500D339F7 /* UserService.swift */ = {isa = PBXFileReference; lastKnownFileType = sourcecode.swift; path = UserService.swift; sourceTree = "<group>"; };
		4C97FE4F211A69DD0065DDDF /* ProfileInfo.swift */ = {isa = PBXFileReference; lastKnownFileType = sourcecode.swift; path = ProfileInfo.swift; sourceTree = "<group>"; };
		4CEC1EC12118280B00FB94FE /* GoogleService-Info.plist */ = {isa = PBXFileReference; fileEncoding = 4; lastKnownFileType = text.plist.xml; name = "GoogleService-Info.plist"; path = "../../../Downloads/GoogleService-Info.plist"; sourceTree = "<group>"; };
		4CEC1EC9211829AA00FB94FE /* GoogleService-Info.plist */ = {isa = PBXFileReference; lastKnownFileType = text.plist.xml; path = "GoogleService-Info.plist"; sourceTree = "<group>"; };
		4CEC1ECA21182AB800FB94FE /* Login.storyboard */ = {isa = PBXFileReference; lastKnownFileType = file.storyboard; path = Login.storyboard; sourceTree = "<group>"; };
		B4F84904A9BD7FDE494CCABF /* Pods-The Move.debug.xcconfig */ = {isa = PBXFileReference; includeInIndex = 1; lastKnownFileType = text.xcconfig; name = "Pods-The Move.debug.xcconfig"; path = "Pods/Target Support Files/Pods-The Move/Pods-The Move.debug.xcconfig"; sourceTree = "<group>"; };
		F2DD13CC2EB223B8C8A707B1 /* Pods_The_Move.framework */ = {isa = PBXFileReference; explicitFileType = wrapper.framework; includeInIndex = 0; path = Pods_The_Move.framework; sourceTree = BUILT_PRODUCTS_DIR; };
/* End PBXFileReference section */

/* Begin PBXFrameworksBuildPhase section */
		4C4305A42107E49E0087A5C2 /* Frameworks */ = {
			isa = PBXFrameworksBuildPhase;
			buildActionMask = 2147483647;
			files = (
				900E3178169F1CB515A74135 /* Pods_The_Move.framework in Frameworks */,
			);
			runOnlyForDeploymentPostprocessing = 0;
		};
/* End PBXFrameworksBuildPhase section */

/* Begin PBXGroup section */
		41761EDAFE24C32B2CA2ABD7 /* Frameworks */ = {
			isa = PBXGroup;
			children = (
				F2DD13CC2EB223B8C8A707B1 /* Pods_The_Move.framework */,
			);
			name = Frameworks;
			sourceTree = "<group>";
		};
		4C0A58582113738100ADDD13 /* Fake Views */ = {
			isa = PBXGroup;
			children = (
				4C4305BC2108F46E0087A5C2 /* mapViewController.swift */,
				4C4305BF2108F5610087A5C2 /* mapAreaEventsFeed.swift */,
				4C4305C12108F5820087A5C2 /* mapIndividualEvent.swift */,
				4C4305C32108F59B0087A5C2 /* randomGeneratorViewController.swift */,
				4C4305C52108F5B60087A5C2 /* randomGeneratorIndividualEvent.swift */,
				4C4305C72108F5CC0087A5C2 /* savedViewController.swift */,
				4C4305C92108F5E40087A5C2 /* savedIndividualEvent.swift */,
				4C000A7F21121C8C00571967 /* filtersViewController.swift */,
			);
			path = "Fake Views";
			sourceTree = "<group>";
		};
		4C43059E2107E49E0087A5C2 = {
			isa = PBXGroup;
			children = (
				4C4305A92107E49E0087A5C2 /* The Move */,
				4C4305BE2108F4830087A5C2 /* View Controllers */,
				75E81218E0685881ED6DB66E /* Pods */,
				41761EDAFE24C32B2CA2ABD7 /* Frameworks */,
			);
			sourceTree = "<group>";
		};
		4C4305A82107E49E0087A5C2 /* Products */ = {
			isa = PBXGroup;
			children = (
				4C4305A72107E49E0087A5C2 /* The Move.app */,
			);
			name = Products;
			path = ..;
			sourceTree = "<group>";
		};
		4C4305A92107E49E0087A5C2 /* The Move */ = {
			isa = PBXGroup;
			children = (
				4C4305AA2107E49F0087A5C2 /* AppDelegate.swift */,
				4C09193F211DFC70001306B2 /* Common.swift */,
				4C091941211E00C2001306B2 /* Animations.swift */,
				4C4305A82107E49E0087A5C2 /* Products */,
				4CEC1EC52118291700FB94FE /* models */,
				4CEC1EC62118292700FB94FE /* services */,
				4CEC1EC82118294300FB94FE /* supporting */,
				4CEC1EC72118293600FB94FE /* storyboards */,
				4CEC1EC42118290C00FB94FE /* helpers */,
				4CEC1EC3211828FE00FB94FE /* extensions */,
				4C4305B12107E4A10087A5C2 /* Assets.xcassets */,
				4CEC1EC12118280B00FB94FE /* GoogleService-Info.plist */,
			);
			path = "The Move";
			sourceTree = "<group>";
		};
		4C4305BE2108F4830087A5C2 /* View Controllers */ = {
			isa = PBXGroup;
			children = (
				4C4305AC2107E49F0087A5C2 /* ViewController.swift */,
				4C000A81211229E000571967 /* homePage.swift */,
				4C0A585621136C8300ADDD13 /* Preferences.swift */,
				4C0A5859211373C900ADDD13 /* Settings.swift */,
				4C0A58612114A67500ADDD13 /* Saved Moves.swift */,
				4C0A585B211373F600ADDD13 /* ContactUs.swift */,
				4C0A585D21137E5F00ADDD13 /* MoveEventDisplay.swift */,
				4C0A585F2113B5BE00ADDD13 /* Saved.swift */,
				4C97FE52211A6A0B0065DDDF /* Firebase */,
				4C59B76921182B1B00D339F7 /* Login.swift */,
				4C59B77121189B4C00D339F7 /* createUsername.swift */,
				4C97FE4F211A69DD0065DDDF /* ProfileInfo.swift */,
				4C0A58582113738100ADDD13 /* Fake Views */,
			);
			path = "View Controllers";
			sourceTree = "<group>";
		};
		4C97FE52211A6A0B0065DDDF /* Firebase */ = {
			isa = PBXGroup;
			children = (
			);
			path = Firebase;
			sourceTree = "<group>";
		};
		4CEC1EC3211828FE00FB94FE /* extensions */ = {
			isa = PBXGroup;
			children = (
			);
			path = extensions;
			sourceTree = "<group>";
		};
		4CEC1EC42118290C00FB94FE /* helpers */ = {
			isa = PBXGroup;
			children = (
			);
			path = helpers;
			sourceTree = "<group>";
		};
		4CEC1EC52118291700FB94FE /* models */ = {
			isa = PBXGroup;
			children = (
				4C59B76F21182FF100D339F7 /* User.swift */,
			);
			path = models;
			sourceTree = "<group>";
		};
		4CEC1EC62118292700FB94FE /* services */ = {
			isa = PBXGroup;
			children = (
				4C59B7732118B52500D339F7 /* UserService.swift */,
			);
			path = services;
			sourceTree = "<group>";
		};
		4CEC1EC72118293600FB94FE /* storyboards */ = {
			isa = PBXGroup;
			children = (
				4C4305AE2107E49F0087A5C2 /* Main.storyboard */,
				4CEC1ECA21182AB800FB94FE /* Login.storyboard */,
				4C4305B32107E4A10087A5C2 /* LaunchScreen.storyboard */,
			);
			path = storyboards;
			sourceTree = "<group>";
		};
		4CEC1EC82118294300FB94FE /* supporting */ = {
			isa = PBXGroup;
			children = (
				4C4305B62107E4A10087A5C2 /* Info.plist */,
				4CEC1EC9211829AA00FB94FE /* GoogleService-Info.plist */,
			);
			path = supporting;
			sourceTree = "<group>";
		};
		75E81218E0685881ED6DB66E /* Pods */ = {
			isa = PBXGroup;
			children = (
				B4F84904A9BD7FDE494CCABF /* Pods-The Move.debug.xcconfig */,
				2C0220C1776176269FB3846E /* Pods-The Move.release.xcconfig */,
			);
			name = Pods;
			sourceTree = "<group>";
		};
/* End PBXGroup section */

/* Begin PBXNativeTarget section */
		4C4305A62107E49E0087A5C2 /* The Move */ = {
			isa = PBXNativeTarget;
			buildConfigurationList = 4C4305B92107E4A10087A5C2 /* Build configuration list for PBXNativeTarget "The Move" */;
			buildPhases = (
				E26A109AC2DCB9A638A7E94A /* [CP] Check Pods Manifest.lock */,
				4C4305A32107E49E0087A5C2 /* Sources */,
				4C4305A42107E49E0087A5C2 /* Frameworks */,
				4C4305A52107E49E0087A5C2 /* Resources */,
				4ABEB7F65440E36426DB005D /* [CP] Embed Pods Frameworks */,
				48065873BC5E59C292B3D859 /* [CP] Copy Pods Resources */,
			);
			buildRules = (
			);
			dependencies = (
			);
			name = "The Move";
			productName = "The Move";
			productReference = 4C4305A72107E49E0087A5C2 /* The Move.app */;
			productType = "com.apple.product-type.application";
		};
/* End PBXNativeTarget section */

/* Begin PBXProject section */
		4C43059F2107E49E0087A5C2 /* Project object */ = {
			isa = PBXProject;
			attributes = {
				LastSwiftUpdateCheck = 0940;
				LastUpgradeCheck = 0940;
				ORGANIZATIONNAME = "Maryem W Ali";
				TargetAttributes = {
					4C4305A62107E49E0087A5C2 = {
						CreatedOnToolsVersion = 9.4.1;
					};
				};
			};
			buildConfigurationList = 4C4305A22107E49E0087A5C2 /* Build configuration list for PBXProject "The Move" */;
			compatibilityVersion = "Xcode 9.3";
			developmentRegion = en;
			hasScannedForEncodings = 0;
			knownRegions = (
				en,
				Base,
			);
			mainGroup = 4C43059E2107E49E0087A5C2;
			productRefGroup = 4C4305A82107E49E0087A5C2 /* Products */;
			projectDirPath = "";
			projectRoot = "";
			targets = (
				4C4305A62107E49E0087A5C2 /* The Move */,
			);
		};
/* End PBXProject section */

/* Begin PBXResourcesBuildPhase section */
		4C4305A52107E49E0087A5C2 /* Resources */ = {
			isa = PBXResourcesBuildPhase;
			buildActionMask = 2147483647;
			files = (
				4C4305B52107E4A10087A5C2 /* LaunchScreen.storyboard in Resources */,
				4CEC1EC22118280B00FB94FE /* GoogleService-Info.plist in Resources */,
				4C4305B22107E4A10087A5C2 /* Assets.xcassets in Resources */,
				4CEC1ECB21182AB800FB94FE /* Login.storyboard in Resources */,
				4C4305B02107E49F0087A5C2 /* Main.storyboard in Resources */,
			);
			runOnlyForDeploymentPostprocessing = 0;
		};
/* End PBXResourcesBuildPhase section */

/* Begin PBXShellScriptBuildPhase section */
		48065873BC5E59C292B3D859 /* [CP] Copy Pods Resources */ = {
			isa = PBXShellScriptBuildPhase;
			buildActionMask = 2147483647;
			files = (
			);
			inputPaths = (
				"${SRCROOT}/Pods/Target Support Files/Pods-The Move/Pods-The Move-resources.sh",
				"${PODS_CONFIGURATION_BUILD_DIR}/FirebaseUI/FirebaseAuthUI.bundle",
			);
			name = "[CP] Copy Pods Resources";
			outputPaths = (
				"${TARGET_BUILD_DIR}/${UNLOCALIZED_RESOURCES_FOLDER_PATH}/FirebaseAuthUI.bundle",
			);
			runOnlyForDeploymentPostprocessing = 0;
			shellPath = /bin/sh;
			shellScript = "\"${SRCROOT}/Pods/Target Support Files/Pods-The Move/Pods-The Move-resources.sh\"\n";
			showEnvVarsInLog = 0;
		};
		4ABEB7F65440E36426DB005D /* [CP] Embed Pods Frameworks */ = {
			isa = PBXShellScriptBuildPhase;
			buildActionMask = 2147483647;
			files = (
			);
			inputPaths = (
				"${SRCROOT}/Pods/Target Support Files/Pods-The Move/Pods-The Move-frameworks.sh",
				"${BUILT_PRODUCTS_DIR}/Alamofire/Alamofire.framework",
				"${BUILT_PRODUCTS_DIR}/FoursquareAPIClient/FoursquareAPIClient.framework",
				"${BUILT_PRODUCTS_DIR}/GTMSessionFetcher/GTMSessionFetcher.framework",
				"${BUILT_PRODUCTS_DIR}/GoogleToolboxForMac/GoogleToolboxForMac.framework",
				"${BUILT_PRODUCTS_DIR}/SwiftyJSON/SwiftyJSON.framework",
				"${BUILT_PRODUCTS_DIR}/leveldb-library/leveldb.framework",
				"${BUILT_PRODUCTS_DIR}/nanopb/nanopb.framework",
			);
			name = "[CP] Embed Pods Frameworks";
			outputPaths = (
				"${TARGET_BUILD_DIR}/${FRAMEWORKS_FOLDER_PATH}/Alamofire.framework",
				"${TARGET_BUILD_DIR}/${FRAMEWORKS_FOLDER_PATH}/FoursquareAPIClient.framework",
				"${TARGET_BUILD_DIR}/${FRAMEWORKS_FOLDER_PATH}/GTMSessionFetcher.framework",
				"${TARGET_BUILD_DIR}/${FRAMEWORKS_FOLDER_PATH}/GoogleToolboxForMac.framework",
				"${TARGET_BUILD_DIR}/${FRAMEWORKS_FOLDER_PATH}/SwiftyJSON.framework",
				"${TARGET_BUILD_DIR}/${FRAMEWORKS_FOLDER_PATH}/leveldb.framework",
				"${TARGET_BUILD_DIR}/${FRAMEWORKS_FOLDER_PATH}/nanopb.framework",
			);
			runOnlyForDeploymentPostprocessing = 0;
			shellPath = /bin/sh;
			shellScript = "\"${SRCROOT}/Pods/Target Support Files/Pods-The Move/Pods-The Move-frameworks.sh\"\n";
			showEnvVarsInLog = 0;
		};
		E26A109AC2DCB9A638A7E94A /* [CP] Check Pods Manifest.lock */ = {
			isa = PBXShellScriptBuildPhase;
			buildActionMask = 2147483647;
			files = (
			);
			inputPaths = (
				"${PODS_PODFILE_DIR_PATH}/Podfile.lock",
				"${PODS_ROOT}/Manifest.lock",
			);
			name = "[CP] Check Pods Manifest.lock";
			outputPaths = (
				"$(DERIVED_FILE_DIR)/Pods-The Move-checkManifestLockResult.txt",
			);
			runOnlyForDeploymentPostprocessing = 0;
			shellPath = /bin/sh;
			shellScript = "diff \"${PODS_PODFILE_DIR_PATH}/Podfile.lock\" \"${PODS_ROOT}/Manifest.lock\" > /dev/null\nif [ $? != 0 ] ; then\n    # print error to STDERR\n    echo \"error: The sandbox is not in sync with the Podfile.lock. Run 'pod install' or update your CocoaPods installation.\" >&2\n    exit 1\nfi\n# This output is used by Xcode 'outputs' to avoid re-running this script phase.\necho \"SUCCESS\" > \"${SCRIPT_OUTPUT_FILE_0}\"\n";
			showEnvVarsInLog = 0;
		};
/* End PBXShellScriptBuildPhase section */

/* Begin PBXSourcesBuildPhase section */
		4C4305A32107E49E0087A5C2 /* Sources */ = {
			isa = PBXSourcesBuildPhase;
			buildActionMask = 2147483647;
			files = (
				4C4305CA2108F5E40087A5C2 /* savedIndividualEvent.swift in Sources */,
				4C97FE50211A69DD0065DDDF /* ProfileInfo.swift in Sources */,
				4C4305C62108F5B60087A5C2 /* randomGeneratorIndividualEvent.swift in Sources */,
				4C0A585A211373C900ADDD13 /* Settings.swift in Sources */,
				4C0A585721136C8300ADDD13 /* Preferences.swift in Sources */,
				4C4305BD2108F46E0087A5C2 /* mapViewController.swift in Sources */,
				4C59B7742118B52500D339F7 /* UserService.swift in Sources */,
				4C000A82211229E000571967 /* homePage.swift in Sources */,
				4C4305C42108F59B0087A5C2 /* randomGeneratorViewController.swift in Sources */,
				4C4305AD2107E49F0087A5C2 /* ViewController.swift in Sources */,
				4C4305C02108F5610087A5C2 /* mapAreaEventsFeed.swift in Sources */,
				4C0A58602113B5BE00ADDD13 /* Saved.swift in Sources */,
				4C000A8021121C8C00571967 /* filtersViewController.swift in Sources */,
				4C4305AB2107E49F0087A5C2 /* AppDelegate.swift in Sources */,
				4C091942211E00C2001306B2 /* Animations.swift in Sources */,
				4C0A585E21137E5F00ADDD13 /* MoveEventDisplay.swift in Sources */,
				4C4305C82108F5CC0087A5C2 /* savedViewController.swift in Sources */,
				4C091940211DFC70001306B2 /* Common.swift in Sources */,
				4C4305C22108F5820087A5C2 /* mapIndividualEvent.swift in Sources */,
				4C59B77221189B4C00D339F7 /* createUsername.swift in Sources */,
				4C59B76A21182B1B00D339F7 /* Login.swift in Sources */,
				4C0A585C211373F600ADDD13 /* ContactUs.swift in Sources */,
				4C0A58622114A67500ADDD13 /* Saved Moves.swift in Sources */,
				4C59B77021182FF100D339F7 /* User.swift in Sources */,
			);
			runOnlyForDeploymentPostprocessing = 0;
		};
/* End PBXSourcesBuildPhase section */

/* Begin PBXVariantGroup section */
		4C4305AE2107E49F0087A5C2 /* Main.storyboard */ = {
			isa = PBXVariantGroup;
			children = (
				4C4305AF2107E49F0087A5C2 /* Base */,
			);
			name = Main.storyboard;
			sourceTree = "<group>";
		};
		4C4305B32107E4A10087A5C2 /* LaunchScreen.storyboard */ = {
			isa = PBXVariantGroup;
			children = (
				4C4305B42107E4A10087A5C2 /* Base */,
			);
			name = LaunchScreen.storyboard;
			sourceTree = "<group>";
		};
/* End PBXVariantGroup section */

/* Begin XCBuildConfiguration section */
		4C4305B72107E4A10087A5C2 /* Debug */ = {
			isa = XCBuildConfiguration;
			buildSettings = {
				ALWAYS_SEARCH_USER_PATHS = NO;
				CLANG_ANALYZER_NONNULL = YES;
				CLANG_ANALYZER_NUMBER_OBJECT_CONVERSION = YES_AGGRESSIVE;
				CLANG_CXX_LANGUAGE_STANDARD = "gnu++14";
				CLANG_CXX_LIBRARY = "libc++";
				CLANG_ENABLE_MODULES = YES;
				CLANG_ENABLE_OBJC_ARC = YES;
				CLANG_ENABLE_OBJC_WEAK = YES;
				CLANG_WARN_BLOCK_CAPTURE_AUTORELEASING = YES;
				CLANG_WARN_BOOL_CONVERSION = YES;
				CLANG_WARN_COMMA = YES;
				CLANG_WARN_CONSTANT_CONVERSION = YES;
				CLANG_WARN_DEPRECATED_OBJC_IMPLEMENTATIONS = YES;
				CLANG_WARN_DIRECT_OBJC_ISA_USAGE = YES_ERROR;
				CLANG_WARN_DOCUMENTATION_COMMENTS = YES;
				CLANG_WARN_EMPTY_BODY = YES;
				CLANG_WARN_ENUM_CONVERSION = YES;
				CLANG_WARN_INFINITE_RECURSION = YES;
				CLANG_WARN_INT_CONVERSION = YES;
				CLANG_WARN_NON_LITERAL_NULL_CONVERSION = YES;
				CLANG_WARN_OBJC_IMPLICIT_RETAIN_SELF = YES;
				CLANG_WARN_OBJC_LITERAL_CONVERSION = YES;
				CLANG_WARN_OBJC_ROOT_CLASS = YES_ERROR;
				CLANG_WARN_RANGE_LOOP_ANALYSIS = YES;
				CLANG_WARN_STRICT_PROTOTYPES = YES;
				CLANG_WARN_SUSPICIOUS_MOVE = YES;
				CLANG_WARN_UNGUARDED_AVAILABILITY = YES_AGGRESSIVE;
				CLANG_WARN_UNREACHABLE_CODE = YES;
				CLANG_WARN__DUPLICATE_METHOD_MATCH = YES;
				CODE_SIGN_IDENTITY = "iPhone Developer";
				COPY_PHASE_STRIP = NO;
				DEBUG_INFORMATION_FORMAT = dwarf;
				ENABLE_STRICT_OBJC_MSGSEND = YES;
				ENABLE_TESTABILITY = YES;
				GCC_C_LANGUAGE_STANDARD = gnu11;
				GCC_DYNAMIC_NO_PIC = NO;
				GCC_NO_COMMON_BLOCKS = YES;
				GCC_OPTIMIZATION_LEVEL = 0;
				GCC_PREPROCESSOR_DEFINITIONS = (
					"DEBUG=1",
					"$(inherited)",
				);
				GCC_WARN_64_TO_32_BIT_CONVERSION = YES;
				GCC_WARN_ABOUT_RETURN_TYPE = YES_ERROR;
				GCC_WARN_UNDECLARED_SELECTOR = YES;
				GCC_WARN_UNINITIALIZED_AUTOS = YES_AGGRESSIVE;
				GCC_WARN_UNUSED_FUNCTION = YES;
				GCC_WARN_UNUSED_VARIABLE = YES;
				IPHONEOS_DEPLOYMENT_TARGET = 11.4;
				MTL_ENABLE_DEBUG_INFO = YES;
				ONLY_ACTIVE_ARCH = YES;
				SDKROOT = iphoneos;
				SWIFT_ACTIVE_COMPILATION_CONDITIONS = DEBUG;
				SWIFT_OPTIMIZATION_LEVEL = "-Onone";
			};
			name = Debug;
		};
		4C4305B82107E4A10087A5C2 /* Release */ = {
			isa = XCBuildConfiguration;
			buildSettings = {
				ALWAYS_SEARCH_USER_PATHS = NO;
				CLANG_ANALYZER_NONNULL = YES;
				CLANG_ANALYZER_NUMBER_OBJECT_CONVERSION = YES_AGGRESSIVE;
				CLANG_CXX_LANGUAGE_STANDARD = "gnu++14";
				CLANG_CXX_LIBRARY = "libc++";
				CLANG_ENABLE_MODULES = YES;
				CLANG_ENABLE_OBJC_ARC = YES;
				CLANG_ENABLE_OBJC_WEAK = YES;
				CLANG_WARN_BLOCK_CAPTURE_AUTORELEASING = YES;
				CLANG_WARN_BOOL_CONVERSION = YES;
				CLANG_WARN_COMMA = YES;
				CLANG_WARN_CONSTANT_CONVERSION = YES;
				CLANG_WARN_DEPRECATED_OBJC_IMPLEMENTATIONS = YES;
				CLANG_WARN_DIRECT_OBJC_ISA_USAGE = YES_ERROR;
				CLANG_WARN_DOCUMENTATION_COMMENTS = YES;
				CLANG_WARN_EMPTY_BODY = YES;
				CLANG_WARN_ENUM_CONVERSION = YES;
				CLANG_WARN_INFINITE_RECURSION = YES;
				CLANG_WARN_INT_CONVERSION = YES;
				CLANG_WARN_NON_LITERAL_NULL_CONVERSION = YES;
				CLANG_WARN_OBJC_IMPLICIT_RETAIN_SELF = YES;
				CLANG_WARN_OBJC_LITERAL_CONVERSION = YES;
				CLANG_WARN_OBJC_ROOT_CLASS = YES_ERROR;
				CLANG_WARN_RANGE_LOOP_ANALYSIS = YES;
				CLANG_WARN_STRICT_PROTOTYPES = YES;
				CLANG_WARN_SUSPICIOUS_MOVE = YES;
				CLANG_WARN_UNGUARDED_AVAILABILITY = YES_AGGRESSIVE;
				CLANG_WARN_UNREACHABLE_CODE = YES;
				CLANG_WARN__DUPLICATE_METHOD_MATCH = YES;
				CODE_SIGN_IDENTITY = "iPhone Developer";
				COPY_PHASE_STRIP = NO;
				DEBUG_INFORMATION_FORMAT = "dwarf-with-dsym";
				ENABLE_NS_ASSERTIONS = NO;
				ENABLE_STRICT_OBJC_MSGSEND = YES;
				GCC_C_LANGUAGE_STANDARD = gnu11;
				GCC_NO_COMMON_BLOCKS = YES;
				GCC_WARN_64_TO_32_BIT_CONVERSION = YES;
				GCC_WARN_ABOUT_RETURN_TYPE = YES_ERROR;
				GCC_WARN_UNDECLARED_SELECTOR = YES;
				GCC_WARN_UNINITIALIZED_AUTOS = YES_AGGRESSIVE;
				GCC_WARN_UNUSED_FUNCTION = YES;
				GCC_WARN_UNUSED_VARIABLE = YES;
				IPHONEOS_DEPLOYMENT_TARGET = 11.4;
				MTL_ENABLE_DEBUG_INFO = NO;
				SDKROOT = iphoneos;
				SWIFT_COMPILATION_MODE = wholemodule;
				SWIFT_OPTIMIZATION_LEVEL = "-O";
				VALIDATE_PRODUCT = YES;
			};
			name = Release;
		};
		4C4305BA2107E4A10087A5C2 /* Debug */ = {
			isa = XCBuildConfiguration;
			baseConfigurationReference = B4F84904A9BD7FDE494CCABF /* Pods-The Move.debug.xcconfig */;
			buildSettings = {
				ASSETCATALOG_COMPILER_APPICON_NAME = AppIcon;
				CODE_SIGN_STYLE = Automatic;
				DEVELOPMENT_TEAM = 92AZ2V3U3V;
				INFOPLIST_FILE = "$(SRCROOT)/The Move/supporting/Info.plist";
				IPHONEOS_DEPLOYMENT_TARGET = 11.4;
				LD_RUNPATH_SEARCH_PATHS = (
					"$(inherited)",
					"@executable_path/Frameworks",
				);
				PRODUCT_BUNDLE_IDENTIFIER = com.maryemali.themovesecondtry;
				PRODUCT_NAME = "$(TARGET_NAME)";
				SWIFT_VERSION = 4.0;
				TARGETED_DEVICE_FAMILY = 1;
			};
			name = Debug;
		};
		4C4305BB2107E4A10087A5C2 /* Release */ = {
			isa = XCBuildConfiguration;
			baseConfigurationReference = 2C0220C1776176269FB3846E /* Pods-The Move.release.xcconfig */;
			buildSettings = {
				ASSETCATALOG_COMPILER_APPICON_NAME = AppIcon;
				CODE_SIGN_STYLE = Automatic;
				DEVELOPMENT_TEAM = 92AZ2V3U3V;
				INFOPLIST_FILE = "$(SRCROOT)/The Move/supporting/Info.plist";
				IPHONEOS_DEPLOYMENT_TARGET = 11.4;
				LD_RUNPATH_SEARCH_PATHS = (
					"$(inherited)",
					"@executable_path/Frameworks",
				);
				PRODUCT_BUNDLE_IDENTIFIER = com.maryemali.themovesecondtry;
				PRODUCT_NAME = "$(TARGET_NAME)";
				SWIFT_VERSION = 4.0;
				TARGETED_DEVICE_FAMILY = 1;
			};
			name = Release;
		};
/* End XCBuildConfiguration section */

/* Begin XCConfigurationList section */
		4C4305A22107E49E0087A5C2 /* Build configuration list for PBXProject "The Move" */ = {
			isa = XCConfigurationList;
			buildConfigurations = (
				4C4305B72107E4A10087A5C2 /* Debug */,
				4C4305B82107E4A10087A5C2 /* Release */,
			);
			defaultConfigurationIsVisible = 0;
			defaultConfigurationName = Release;
		};
		4C4305B92107E4A10087A5C2 /* Build configuration list for PBXNativeTarget "The Move" */ = {
			isa = XCConfigurationList;
			buildConfigurations = (
				4C4305BA2107E4A10087A5C2 /* Debug */,
				4C4305BB2107E4A10087A5C2 /* Release */,
			);
			defaultConfigurationIsVisible = 0;
			defaultConfigurationName = Release;
		};
/* End XCConfigurationList section */
	};
	rootObject = 4C43059F2107E49E0087A5C2 /* Project object */;
}
